
Microsoft Visual Studio Solution File, Format Version 12.00
# Visual Studio Version 17
VisualStudioVersion = 17.11.35312.102
MinimumVisualStudioVersion = 10.0.40219.1
Project("{FAE04EC0-301F-11D3-BF4B-00C04F79EFBC}") = "MergeAndCraft", "MergeAndCraft\MergeAndCraft.csproj", "{F49F88CF-4906-4E6D-B1BE-8E72A90E329B}"
EndProject
Global
	GlobalSection(SolutionConfigurationPlatforms) = preSolution
		Debug|Any CPU = Debug|Any CPU
		Release|Any CPU = Release|Any CPU
	EndGlobalSection
	GlobalSection(ProjectConfigurationPlatforms) = postSolution
		{F49F88CF-4906-4E6D-B1BE-8E72A90E329B}.Debug|Any CPU.ActiveCfg = Debug|Any CPU
		{F49F88CF-4906-4E6D-B1BE-8E72A90E329B}.Debug|Any CPU.Build.0 = Debug|Any CPU
		{F49F88CF-4906-4E6D-B1BE-8E72A90E329B}.Release|Any CPU.ActiveCfg = Release|Any CPU
		{F49F88CF-4906-4E6D-B1BE-8E72A90E329B}.Release|Any CPU.Build.0 = Release|Any CPU
	EndGlobalSection
	GlobalSection(SolutionProperties) = preSolution
		HideSolutionNode = FALSE
	EndGlobalSection
	GlobalSection(ExtensibilityGlobals) = postSolution
		SolutionGuid = {58631E78-8C93-4728-8732-45DFCA6CC92E}
	EndGlobalSection
EndGlobal
