
Microsoft Visual Studio Solution File, Format Version 12.00
# Visual Studio Version 17
VisualStudioVersion = 17.11.35312.102
MinimumVisualStudioVersion = 10.0.40219.1
Project("{9A19103F-16F7-4668-BE54-9A1E7A4F7556}") = "MergeCraft.Core", "MergeCraft.Core\MergeCraft.Core.csproj", "{71395D6F-8359-4266-820B-381ED3AF7DB4}"
EndProject
Project("{2150E333-8FDC-42A3-9474-1A3956D46DE8}") = "Unit Tests", "Unit Tests", "{E797313D-72E8-4774-BBDC-50AF3A47BF4F}"
EndProject
Project("{9A19103F-16F7-4668-BE54-9A1E7A4F7556}") = "MergeCraft.Core.UnitTests", "MergeCraft.Core.UnitTests\MergeCraft.Core.UnitTests.csproj", "{47C8D29E-7102-434C-BD8D-4F41FD8BEF36}"
EndProject
Project("{2150E333-8FDC-42A3-9474-1A3956D46DE8}") = "Solution Items", "Solution Items", "{1B6B5BFD-46BB-475B-B9E0-1E31F955A774}"
	ProjectSection(SolutionItems) = preProject
		README.md = README.md
	EndProjectSection
EndProject
Project("{9A19103F-16F7-4668-BE54-9A1E7A4F7556}") = "MergeAndCraft.IntTests", "MergeAndCraft.IntTests\MergeAndCraft.IntTests.csproj", "{D156F78B-1B67-4562-9A9F-7EB1C174964B}"
EndProject
Project("{2150E333-8FDC-42A3-9474-1A3956D46DE8}") = "Int Tests", "Int Tests", "{62B8BC43-BC90-48AA-9F29-EC4195360BE9}"
EndProject
Project("{9A19103F-16F7-4668-BE54-9A1E7A4F7556}") = "MergeAndCraft.App", "MergeAndCraft.App\MergeAndCraft.App.csproj", "{B6F6666C-92AD-43D4-9D66-1BFB0A3B6FE8}"
EndProject
Project("{9A19103F-16F7-4668-BE54-9A1E7A4F7556}") = "MergeAndCraft.App.Android", "MergeAndCraft.App.Android\MergeAndCraft.App.Android.csproj", "{A47D5229-4E44-423A-8361-29297C6B024B}"
EndProject
Project("{9A19103F-16F7-4668-BE54-9A1E7A4F7556}") = "MergeAndCraft.App.Desktop", "MergeAndCraft.App.Desktop\MergeAndCraft.App.Desktop.csproj", "{4C58A692-1CCE-43C1-B1B2-B3D74943A98E}"
EndProject
Global
	GlobalSection(SolutionConfigurationPlatforms) = preSolution
		Debug|Any CPU = Debug|Any CPU
		Debug|ARM64 = Debug|ARM64
		Debug|x64 = Debug|x64
		Debug|x86 = Debug|x86
		Release|Any CPU = Release|Any CPU
		Release|ARM64 = Release|ARM64
		Release|x64 = Release|x64
		Release|x86 = Release|x86
	EndGlobalSection
	GlobalSection(ProjectConfigurationPlatforms) = postSolution
		{71395D6F-8359-4266-820B-381ED3AF7DB4}.Debug|Any CPU.ActiveCfg = Debug|Any CPU
		{71395D6F-8359-4266-820B-381ED3AF7DB4}.Debug|Any CPU.Build.0 = Debug|Any CPU
		{71395D6F-8359-4266-820B-381ED3AF7DB4}.Debug|ARM64.ActiveCfg = Debug|Any CPU
		{71395D6F-8359-4266-820B-381ED3AF7DB4}.Debug|ARM64.Build.0 = Debug|Any CPU
		{71395D6F-8359-4266-820B-381ED3AF7DB4}.Debug|x64.ActiveCfg = Debug|Any CPU
		{71395D6F-8359-4266-820B-381ED3AF7DB4}.Debug|x64.Build.0 = Debug|Any CPU
		{71395D6F-8359-4266-820B-381ED3AF7DB4}.Debug|x86.ActiveCfg = Debug|Any CPU
		{71395D6F-8359-4266-820B-381ED3AF7DB4}.Debug|x86.Build.0 = Debug|Any CPU
		{71395D6F-8359-4266-820B-381ED3AF7DB4}.Release|Any CPU.ActiveCfg = Release|Any CPU
		{71395D6F-8359-4266-820B-381ED3AF7DB4}.Release|Any CPU.Build.0 = Release|Any CPU
		{71395D6F-8359-4266-820B-381ED3AF7DB4}.Release|ARM64.ActiveCfg = Release|Any CPU
		{71395D6F-8359-4266-820B-381ED3AF7DB4}.Release|ARM64.Build.0 = Release|Any CPU
		{71395D6F-8359-4266-820B-381ED3AF7DB4}.Release|x64.ActiveCfg = Release|Any CPU
		{71395D6F-8359-4266-820B-381ED3AF7DB4}.Release|x64.Build.0 = Release|Any CPU
		{71395D6F-8359-4266-820B-381ED3AF7DB4}.Release|x86.ActiveCfg = Release|Any CPU
		{71395D6F-8359-4266-820B-381ED3AF7DB4}.Release|x86.Build.0 = Release|Any CPU
		{47C8D29E-7102-434C-BD8D-4F41FD8BEF36}.Debug|Any CPU.ActiveCfg = Debug|Any CPU
		{47C8D29E-7102-434C-BD8D-4F41FD8BEF36}.Debug|Any CPU.Build.0 = Debug|Any CPU
		{47C8D29E-7102-434C-BD8D-4F41FD8BEF36}.Debug|ARM64.ActiveCfg = Debug|Any CPU
		{47C8D29E-7102-434C-BD8D-4F41FD8BEF36}.Debug|ARM64.Build.0 = Debug|Any CPU
		{47C8D29E-7102-434C-BD8D-4F41FD8BEF36}.Debug|x64.ActiveCfg = Debug|Any CPU
		{47C8D29E-7102-434C-BD8D-4F41FD8BEF36}.Debug|x64.Build.0 = Debug|Any CPU
		{47C8D29E-7102-434C-BD8D-4F41FD8BEF36}.Debug|x86.ActiveCfg = Debug|Any CPU
		{47C8D29E-7102-434C-BD8D-4F41FD8BEF36}.Debug|x86.Build.0 = Debug|Any CPU
		{47C8D29E-7102-434C-BD8D-4F41FD8BEF36}.Release|Any CPU.ActiveCfg = Release|Any CPU
		{47C8D29E-7102-434C-BD8D-4F41FD8BEF36}.Release|Any CPU.Build.0 = Release|Any CPU
		{47C8D29E-7102-434C-BD8D-4F41FD8BEF36}.Release|ARM64.ActiveCfg = Release|Any CPU
		{47C8D29E-7102-434C-BD8D-4F41FD8BEF36}.Release|ARM64.Build.0 = Release|Any CPU
		{47C8D29E-7102-434C-BD8D-4F41FD8BEF36}.Release|x64.ActiveCfg = Release|Any CPU
		{47C8D29E-7102-434C-BD8D-4F41FD8BEF36}.Release|x64.Build.0 = Release|Any CPU
		{47C8D29E-7102-434C-BD8D-4F41FD8BEF36}.Release|x86.ActiveCfg = Release|Any CPU
		{47C8D29E-7102-434C-BD8D-4F41FD8BEF36}.Release|x86.Build.0 = Release|Any CPU
		{D156F78B-1B67-4562-9A9F-7EB1C174964B}.Debug|Any CPU.ActiveCfg = Debug|Any CPU
		{D156F78B-1B67-4562-9A9F-7EB1C174964B}.Debug|Any CPU.Build.0 = Debug|Any CPU
		{D156F78B-1B67-4562-9A9F-7EB1C174964B}.Debug|ARM64.ActiveCfg = Debug|Any CPU
		{D156F78B-1B67-4562-9A9F-7EB1C174964B}.Debug|ARM64.Build.0 = Debug|Any CPU
		{D156F78B-1B67-4562-9A9F-7EB1C174964B}.Debug|x64.ActiveCfg = Debug|Any CPU
		{D156F78B-1B67-4562-9A9F-7EB1C174964B}.Debug|x64.Build.0 = Debug|Any CPU
		{D156F78B-1B67-4562-9A9F-7EB1C174964B}.Debug|x86.ActiveCfg = Debug|Any CPU
		{D156F78B-1B67-4562-9A9F-7EB1C174964B}.Debug|x86.Build.0 = Debug|Any CPU
		{D156F78B-1B67-4562-9A9F-7EB1C174964B}.Release|Any CPU.ActiveCfg = Release|Any CPU
		{D156F78B-1B67-4562-9A9F-7EB1C174964B}.Release|Any CPU.Build.0 = Release|Any CPU
		{D156F78B-1B67-4562-9A9F-7EB1C174964B}.Release|ARM64.ActiveCfg = Release|Any CPU
		{D156F78B-1B67-4562-9A9F-7EB1C174964B}.Release|ARM64.Build.0 = Release|Any CPU
		{D156F78B-1B67-4562-9A9F-7EB1C174964B}.Release|x64.ActiveCfg = Release|Any CPU
		{D156F78B-1B67-4562-9A9F-7EB1C174964B}.Release|x64.Build.0 = Release|Any CPU
		{D156F78B-1B67-4562-9A9F-7EB1C174964B}.Release|x86.ActiveCfg = Release|Any CPU
		{D156F78B-1B67-4562-9A9F-7EB1C174964B}.Release|x86.Build.0 = Release|Any CPU
		{B6F6666C-92AD-43D4-9D66-1BFB0A3B6FE8}.Debug|Any CPU.ActiveCfg = Debug|Any CPU
		{B6F6666C-92AD-43D4-9D66-1BFB0A3B6FE8}.Debug|Any CPU.Build.0 = Debug|Any CPU
		{B6F6666C-92AD-43D4-9D66-1BFB0A3B6FE8}.Debug|ARM64.ActiveCfg = Debug|Any CPU
		{B6F6666C-92AD-43D4-9D66-1BFB0A3B6FE8}.Debug|ARM64.Build.0 = Debug|Any CPU
		{B6F6666C-92AD-43D4-9D66-1BFB0A3B6FE8}.Debug|x64.ActiveCfg = Debug|Any CPU
		{B6F6666C-92AD-43D4-9D66-1BFB0A3B6FE8}.Debug|x64.Build.0 = Debug|Any CPU
		{B6F6666C-92AD-43D4-9D66-1BFB0A3B6FE8}.Debug|x86.ActiveCfg = Debug|Any CPU
		{B6F6666C-92AD-43D4-9D66-1BFB0A3B6FE8}.Debug|x86.Build.0 = Debug|Any CPU
		{B6F6666C-92AD-43D4-9D66-1BFB0A3B6FE8}.Release|Any CPU.ActiveCfg = Release|Any CPU
		{B6F6666C-92AD-43D4-9D66-1BFB0A3B6FE8}.Release|Any CPU.Build.0 = Release|Any CPU
		{B6F6666C-92AD-43D4-9D66-1BFB0A3B6FE8}.Release|ARM64.ActiveCfg = Release|Any CPU
		{B6F6666C-92AD-43D4-9D66-1BFB0A3B6FE8}.Release|ARM64.Build.0 = Release|Any CPU
		{B6F6666C-92AD-43D4-9D66-1BFB0A3B6FE8}.Release|x64.ActiveCfg = Release|Any CPU
		{B6F6666C-92AD-43D4-9D66-1BFB0A3B6FE8}.Release|x64.Build.0 = Release|Any CPU
		{B6F6666C-92AD-43D4-9D66-1BFB0A3B6FE8}.Release|x86.ActiveCfg = Release|Any CPU
		{B6F6666C-92AD-43D4-9D66-1BFB0A3B6FE8}.Release|x86.Build.0 = Release|Any CPU
		{A47D5229-4E44-423A-8361-29297C6B024B}.Debug|Any CPU.ActiveCfg = Debug|Any CPU
		{A47D5229-4E44-423A-8361-29297C6B024B}.Debug|Any CPU.Build.0 = Debug|Any CPU
		{A47D5229-4E44-423A-8361-29297C6B024B}.Debug|Any CPU.Deploy.0 = Debug|Any CPU
		{A47D5229-4E44-423A-8361-29297C6B024B}.Debug|ARM64.ActiveCfg = Debug|Any CPU
		{A47D5229-4E44-423A-8361-29297C6B024B}.Debug|ARM64.Build.0 = Debug|Any CPU
		{A47D5229-4E44-423A-8361-29297C6B024B}.Debug|ARM64.Deploy.0 = Debug|Any CPU
		{A47D5229-4E44-423A-8361-29297C6B024B}.Debug|x64.ActiveCfg = Debug|Any CPU
		{A47D5229-4E44-423A-8361-29297C6B024B}.Debug|x64.Build.0 = Debug|Any CPU
		{A47D5229-4E44-423A-8361-29297C6B024B}.Debug|x64.Deploy.0 = Debug|Any CPU
		{A47D5229-4E44-423A-8361-29297C6B024B}.Debug|x86.ActiveCfg = Debug|Any CPU
		{A47D5229-4E44-423A-8361-29297C6B024B}.Debug|x86.Build.0 = Debug|Any CPU
		{A47D5229-4E44-423A-8361-29297C6B024B}.Debug|x86.Deploy.0 = Debug|Any CPU
		{A47D5229-4E44-423A-8361-29297C6B024B}.Release|Any CPU.ActiveCfg = Release|Any CPU
		{A47D5229-4E44-423A-8361-29297C6B024B}.Release|Any CPU.Build.0 = Release|Any CPU
		{A47D5229-4E44-423A-8361-29297C6B024B}.Release|Any CPU.Deploy.0 = Release|Any CPU
		{A47D5229-4E44-423A-8361-29297C6B024B}.Release|ARM64.ActiveCfg = Release|Any CPU
		{A47D5229-4E44-423A-8361-29297C6B024B}.Release|ARM64.Build.0 = Release|Any CPU
		{A47D5229-4E44-423A-8361-29297C6B024B}.Release|ARM64.Deploy.0 = Release|Any CPU
		{A47D5229-4E44-423A-8361-29297C6B024B}.Release|x64.ActiveCfg = Release|Any CPU
		{A47D5229-4E44-423A-8361-29297C6B024B}.Release|x64.Build.0 = Release|Any CPU
		{A47D5229-4E44-423A-8361-29297C6B024B}.Release|x64.Deploy.0 = Release|Any CPU
		{A47D5229-4E44-423A-8361-29297C6B024B}.Release|x86.ActiveCfg = Release|Any CPU
		{A47D5229-4E44-423A-8361-29297C6B024B}.Release|x86.Build.0 = Release|Any CPU
		{A47D5229-4E44-423A-8361-29297C6B024B}.Release|x86.Deploy.0 = Release|Any CPU
		{4C58A692-1CCE-43C1-B1B2-B3D74943A98E}.Debug|Any CPU.ActiveCfg = Debug|Any CPU
		{4C58A692-1CCE-43C1-B1B2-B3D74943A98E}.Debug|Any CPU.Build.0 = Debug|Any CPU
		{4C58A692-1CCE-43C1-B1B2-B3D74943A98E}.Debug|ARM64.ActiveCfg = Debug|Any CPU
		{4C58A692-1CCE-43C1-B1B2-B3D74943A98E}.Debug|ARM64.Build.0 = Debug|Any CPU
		{4C58A692-1CCE-43C1-B1B2-B3D74943A98E}.Debug|x64.ActiveCfg = Debug|Any CPU
		{4C58A692-1CCE-43C1-B1B2-B3D74943A98E}.Debug|x64.Build.0 = Debug|Any CPU
		{4C58A692-1CCE-43C1-B1B2-B3D74943A98E}.Debug|x86.ActiveCfg = Debug|Any CPU
		{4C58A692-1CCE-43C1-B1B2-B3D74943A98E}.Debug|x86.Build.0 = Debug|Any CPU
		{4C58A692-1CCE-43C1-B1B2-B3D74943A98E}.Release|Any CPU.ActiveCfg = Release|Any CPU
		{4C58A692-1CCE-43C1-B1B2-B3D74943A98E}.Release|Any CPU.Build.0 = Release|Any CPU
		{4C58A692-1CCE-43C1-B1B2-B3D74943A98E}.Release|ARM64.ActiveCfg = Release|Any CPU
		{4C58A692-1CCE-43C1-B1B2-B3D74943A98E}.Release|ARM64.Build.0 = Release|Any CPU
		{4C58A692-1CCE-43C1-B1B2-B3D74943A98E}.Release|x64.ActiveCfg = Release|Any CPU
		{4C58A692-1CCE-43C1-B1B2-B3D74943A98E}.Release|x64.Build.0 = Release|Any CPU
		{4C58A692-1CCE-43C1-B1B2-B3D74943A98E}.Release|x86.ActiveCfg = Release|Any CPU
		{4C58A692-1CCE-43C1-B1B2-B3D74943A98E}.Release|x86.Build.0 = Release|Any CPU
	EndGlobalSection
	GlobalSection(SolutionProperties) = preSolution
		HideSolutionNode = FALSE
	EndGlobalSection
	GlobalSection(NestedProjects) = preSolution
		{47C8D29E-7102-434C-BD8D-4F41FD8BEF36} = {E797313D-72E8-4774-BBDC-50AF3A47BF4F}
		{D156F78B-1B67-4562-9A9F-7EB1C174964B} = {62B8BC43-BC90-48AA-9F29-EC4195360BE9}
	EndGlobalSection
	GlobalSection(ExtensibilityGlobals) = postSolution
		SolutionGuid = {58631E78-8C93-4728-8732-45DFCA6CC92E}
	EndGlobalSection
EndGlobal
